
Microsoft Visual Studio Solution File, Format Version 12.00
# Visual Studio Version 17
VisualStudioVersion = 17.0.31903.59
MinimumVisualStudioVersion = 10.0.40219.1
Project("{FAE04EC0-301F-11D3-BF4B-00C04F79EFBC}") = "Youdovezu.Domain", "Youdovezu.Domain\Youdovezu.Domain.csproj", "{CCB13CBC-0730-43A3-9BC8-0B44C83BF536}"
EndProject
Project("{FAE04EC0-301F-11D3-BF4B-00C04F79EFBC}") = "Youdovezu.Application", "Youdovezu.Application\Youdovezu.Application.csproj", "{6730FE0D-7E39-4AB7-800F-626754C7BF3D}"
EndProject
Project("{FAE04EC0-301F-11D3-BF4B-00C04F79EFBC}") = "Youdovezu.Infrastructure", "Youdovezu.Infrastructure\Youdovezu.Infrastructure.csproj", "{56EFA8EA-86B4-4984-9D76-D3C5A3FC11A2}"
EndProject
Project("{FAE04EC0-301F-11D3-BF4B-00C04F79EFBC}") = "Youdovezu.Presentation", "Youdovezu.Presentation\Youdovezu.Presentation.csproj", "{8A129701-8B77-48F8-AB53-C83A7364062C}"
EndProject
Project("{E53339B2-1760-4266-BCC7-CA923CBCF16C}") = "docker-compose", "docker-compose.dcproj", "{81DDED9D-158B-E303-5F62-77A2896D2A5A}"
EndProject
Global
	GlobalSection(SolutionConfigurationPlatforms) = preSolution
		Debug|Any CPU = Debug|Any CPU
		Debug|x64 = Debug|x64
		Debug|x86 = Debug|x86
		Release|Any CPU = Release|Any CPU
		Release|x64 = Release|x64
		Release|x86 = Release|x86
	EndGlobalSection
	GlobalSection(ProjectConfigurationPlatforms) = postSolution
		{CCB13CBC-0730-43A3-9BC8-0B44C83BF536}.Debug|Any CPU.ActiveCfg = Debug|Any CPU
		{CCB13CBC-0730-43A3-9BC8-0B44C83BF536}.Debug|Any CPU.Build.0 = Debug|Any CPU
		{CCB13CBC-0730-43A3-9BC8-0B44C83BF536}.Debug|x64.ActiveCfg = Debug|Any CPU
		{CCB13CBC-0730-43A3-9BC8-0B44C83BF536}.Debug|x64.Build.0 = Debug|Any CPU
		{CCB13CBC-0730-43A3-9BC8-0B44C83BF536}.Debug|x86.ActiveCfg = Debug|Any CPU
		{CCB13CBC-0730-43A3-9BC8-0B44C83BF536}.Debug|x86.Build.0 = Debug|Any CPU
		{CCB13CBC-0730-43A3-9BC8-0B44C83BF536}.Release|Any CPU.ActiveCfg = Release|Any CPU
		{CCB13CBC-0730-43A3-9BC8-0B44C83BF536}.Release|Any CPU.Build.0 = Release|Any CPU
		{CCB13CBC-0730-43A3-9BC8-0B44C83BF536}.Release|x64.ActiveCfg = Release|Any CPU
		{CCB13CBC-0730-43A3-9BC8-0B44C83BF536}.Release|x64.Build.0 = Release|Any CPU
		{CCB13CBC-0730-43A3-9BC8-0B44C83BF536}.Release|x86.ActiveCfg = Release|Any CPU
		{CCB13CBC-0730-43A3-9BC8-0B44C83BF536}.Release|x86.Build.0 = Release|Any CPU
		{6730FE0D-7E39-4AB7-800F-626754C7BF3D}.Debug|Any CPU.ActiveCfg = Debug|Any CPU
		{6730FE0D-7E39-4AB7-800F-626754C7BF3D}.Debug|Any CPU.Build.0 = Debug|Any CPU
		{6730FE0D-7E39-4AB7-800F-626754C7BF3D}.Debug|x64.ActiveCfg = Debug|Any CPU
		{6730FE0D-7E39-4AB7-800F-626754C7BF3D}.Debug|x64.Build.0 = Debug|Any CPU
		{6730FE0D-7E39-4AB7-800F-626754C7BF3D}.Debug|x86.ActiveCfg = Debug|Any CPU
		{6730FE0D-7E39-4AB7-800F-626754C7BF3D}.Debug|x86.Build.0 = Debug|Any CPU
		{6730FE0D-7E39-4AB7-800F-626754C7BF3D}.Release|Any CPU.ActiveCfg = Release|Any CPU
		{6730FE0D-7E39-4AB7-800F-626754C7BF3D}.Release|Any CPU.Build.0 = Release|Any CPU
		{6730FE0D-7E39-4AB7-800F-626754C7BF3D}.Release|x64.ActiveCfg = Release|Any CPU
		{6730FE0D-7E39-4AB7-800F-626754C7BF3D}.Release|x64.Build.0 = Release|Any CPU
		{6730FE0D-7E39-4AB7-800F-626754C7BF3D}.Release|x86.ActiveCfg = Release|Any CPU
		{6730FE0D-7E39-4AB7-800F-626754C7BF3D}.Release|x86.Build.0 = Release|Any CPU
		{56EFA8EA-86B4-4984-9D76-D3C5A3FC11A2}.Debug|Any CPU.ActiveCfg = Debug|Any CPU
		{56EFA8EA-86B4-4984-9D76-D3C5A3FC11A2}.Debug|Any CPU.Build.0 = Debug|Any CPU
		{56EFA8EA-86B4-4984-9D76-D3C5A3FC11A2}.Debug|x64.ActiveCfg = Debug|Any CPU
		{56EFA8EA-86B4-4984-9D76-D3C5A3FC11A2}.Debug|x64.Build.0 = Debug|Any CPU
		{56EFA8EA-86B4-4984-9D76-D3C5A3FC11A2}.Debug|x86.ActiveCfg = Debug|Any CPU
		{56EFA8EA-86B4-4984-9D76-D3C5A3FC11A2}.Debug|x86.Build.0 = Debug|Any CPU
		{56EFA8EA-86B4-4984-9D76-D3C5A3FC11A2}.Release|Any CPU.ActiveCfg = Release|Any CPU
		{56EFA8EA-86B4-4984-9D76-D3C5A3FC11A2}.Release|Any CPU.Build.0 = Release|Any CPU
		{56EFA8EA-86B4-4984-9D76-D3C5A3FC11A2}.Release|x64.ActiveCfg = Release|Any CPU
		{56EFA8EA-86B4-4984-9D76-D3C5A3FC11A2}.Release|x64.Build.0 = Release|Any CPU
		{56EFA8EA-86B4-4984-9D76-D3C5A3FC11A2}.Release|x86.ActiveCfg = Release|Any CPU
		{56EFA8EA-86B4-4984-9D76-D3C5A3FC11A2}.Release|x86.Build.0 = Release|Any CPU
		{8A129701-8B77-48F8-AB53-C83A7364062C}.Debug|Any CPU.ActiveCfg = Debug|Any CPU
		{8A129701-8B77-48F8-AB53-C83A7364062C}.Debug|Any CPU.Build.0 = Debug|Any CPU
		{8A129701-8B77-48F8-AB53-C83A7364062C}.Debug|x64.ActiveCfg = Debug|Any CPU
		{8A129701-8B77-48F8-AB53-C83A7364062C}.Debug|x64.Build.0 = Debug|Any CPU
		{8A129701-8B77-48F8-AB53-C83A7364062C}.Debug|x86.ActiveCfg = Debug|Any CPU
		{8A129701-8B77-48F8-AB53-C83A7364062C}.Debug|x86.Build.0 = Debug|Any CPU
		{8A129701-8B77-48F8-AB53-C83A7364062C}.Release|Any CPU.ActiveCfg = Release|Any CPU
		{8A129701-8B77-48F8-AB53-C83A7364062C}.Release|Any CPU.Build.0 = Release|Any CPU
		{8A129701-8B77-48F8-AB53-C83A7364062C}.Release|x64.ActiveCfg = Release|Any CPU
		{8A129701-8B77-48F8-AB53-C83A7364062C}.Release|x64.Build.0 = Release|Any CPU
		{8A129701-8B77-48F8-AB53-C83A7364062C}.Release|x86.ActiveCfg = Release|Any CPU
		{8A129701-8B77-48F8-AB53-C83A7364062C}.Release|x86.Build.0 = Release|Any CPU
		{81DDED9D-158B-E303-5F62-77A2896D2A5A}.Debug|Any CPU.ActiveCfg = Debug|Any CPU
		{81DDED9D-158B-E303-5F62-77A2896D2A5A}.Debug|Any CPU.Build.0 = Debug|Any CPU
		{81DDED9D-158B-E303-5F62-77A2896D2A5A}.Debug|x64.ActiveCfg = Debug|Any CPU
		{81DDED9D-158B-E303-5F62-77A2896D2A5A}.Debug|x64.Build.0 = Debug|Any CPU
		{81DDED9D-158B-E303-5F62-77A2896D2A5A}.Debug|x86.ActiveCfg = Debug|Any CPU
		{81DDED9D-158B-E303-5F62-77A2896D2A5A}.Debug|x86.Build.0 = Debug|Any CPU
		{81DDED9D-158B-E303-5F62-77A2896D2A5A}.Release|Any CPU.ActiveCfg = Release|Any CPU
		{81DDED9D-158B-E303-5F62-77A2896D2A5A}.Release|Any CPU.Build.0 = Release|Any CPU
		{81DDED9D-158B-E303-5F62-77A2896D2A5A}.Release|x64.ActiveCfg = Release|Any CPU
		{81DDED9D-158B-E303-5F62-77A2896D2A5A}.Release|x64.Build.0 = Release|Any CPU
		{81DDED9D-158B-E303-5F62-77A2896D2A5A}.Release|x86.ActiveCfg = Release|Any CPU
		{81DDED9D-158B-E303-5F62-77A2896D2A5A}.Release|x86.Build.0 = Release|Any CPU
	EndGlobalSection
	GlobalSection(SolutionProperties) = preSolution
		HideSolutionNode = FALSE
	EndGlobalSection
	GlobalSection(ExtensibilityGlobals) = postSolution
		SolutionGuid = {D768B2A8-1D06-468D-A50E-89BB412D0CE1}
	EndGlobalSection
EndGlobal
